// !$*UTF8*$!
{
	archiveVersion = 1;
	classes = {
	};
	objectVersion = 56;
	objects = {

/* Begin PBXBuildFile section */
		22F22CE973424C58660E3AEC /* Pods_Marvel.framework in Frameworks */ = {isa = PBXBuildFile; fileRef = D6D801F8F9D8B31BA85EE416 /* Pods_Marvel.framework */; };
		252177A42A9A17B200B433D2 /* AppDelegate.swift in Sources */ = {isa = PBXBuildFile; fileRef = 252177A32A9A17B200B433D2 /* AppDelegate.swift */; };
		252177A62A9A17B200B433D2 /* SceneDelegate.swift in Sources */ = {isa = PBXBuildFile; fileRef = 252177A52A9A17B200B433D2 /* SceneDelegate.swift */; };
		252177A82A9A17B200B433D2 /* ViewController.swift in Sources */ = {isa = PBXBuildFile; fileRef = 252177A72A9A17B200B433D2 /* ViewController.swift */; };
		252177AB2A9A17B200B433D2 /* Main.storyboard in Resources */ = {isa = PBXBuildFile; fileRef = 252177A92A9A17B200B433D2 /* Main.storyboard */; };
		252177AD2A9A17B500B433D2 /* Assets.xcassets in Resources */ = {isa = PBXBuildFile; fileRef = 252177AC2A9A17B500B433D2 /* Assets.xcassets */; };
		252177B02A9A17B500B433D2 /* LaunchScreen.storyboard in Resources */ = {isa = PBXBuildFile; fileRef = 252177AE2A9A17B500B433D2 /* LaunchScreen.storyboard */; };
		252177B92A9C783200B433D2 /* Character.swift in Sources */ = {isa = PBXBuildFile; fileRef = 252177B82A9C783200B433D2 /* Character.swift */; };
		252177BB2A9C7A1F00B433D2 /* CharacterResult.swift in Sources */ = {isa = PBXBuildFile; fileRef = 252177BA2A9C7A1F00B433D2 /* CharacterResult.swift */; };
		252177BE2A9C7D1D00B433D2 /* Network.swift in Sources */ = {isa = PBXBuildFile; fileRef = 252177BD2A9C7D1D00B433D2 /* Network.swift */; };
		252177C02A9CA18000B433D2 /* Service.swift in Sources */ = {isa = PBXBuildFile; fileRef = 252177BF2A9CA18000B433D2 /* Service.swift */; };
		252177C22A9CC71E00B433D2 /* NetworkInfo.plist in Resources */ = {isa = PBXBuildFile; fileRef = 252177C12A9CC71E00B433D2 /* NetworkInfo.plist */; };
		252177C52A9CC81E00B433D2 /* Extension+Bundle.swift in Sources */ = {isa = PBXBuildFile; fileRef = 252177C42A9CC81E00B433D2 /* Extension+Bundle.swift */; };
/* End PBXBuildFile section */

/* Begin PBXFileReference section */
		252177A02A9A17B200B433D2 /* Marvel.app */ = {isa = PBXFileReference; explicitFileType = wrapper.application; includeInIndex = 0; path = Marvel.app; sourceTree = BUILT_PRODUCTS_DIR; };
		252177A32A9A17B200B433D2 /* AppDelegate.swift */ = {isa = PBXFileReference; lastKnownFileType = sourcecode.swift; path = AppDelegate.swift; sourceTree = "<group>"; };
		252177A52A9A17B200B433D2 /* SceneDelegate.swift */ = {isa = PBXFileReference; lastKnownFileType = sourcecode.swift; path = SceneDelegate.swift; sourceTree = "<group>"; };
		252177A72A9A17B200B433D2 /* ViewController.swift */ = {isa = PBXFileReference; lastKnownFileType = sourcecode.swift; path = ViewController.swift; sourceTree = "<group>"; };
		252177AA2A9A17B200B433D2 /* Base */ = {isa = PBXFileReference; lastKnownFileType = file.storyboard; name = Base; path = Base.lproj/Main.storyboard; sourceTree = "<group>"; };
		252177AC2A9A17B500B433D2 /* Assets.xcassets */ = {isa = PBXFileReference; lastKnownFileType = folder.assetcatalog; path = Assets.xcassets; sourceTree = "<group>"; };
		252177AF2A9A17B500B433D2 /* Base */ = {isa = PBXFileReference; lastKnownFileType = file.storyboard; name = Base; path = Base.lproj/LaunchScreen.storyboard; sourceTree = "<group>"; };
		252177B12A9A17B500B433D2 /* Info.plist */ = {isa = PBXFileReference; lastKnownFileType = text.plist.xml; path = Info.plist; sourceTree = "<group>"; };
		252177B82A9C783200B433D2 /* Character.swift */ = {isa = PBXFileReference; lastKnownFileType = sourcecode.swift; path = Character.swift; sourceTree = "<group>"; };
		252177BA2A9C7A1F00B433D2 /* CharacterResult.swift */ = {isa = PBXFileReference; lastKnownFileType = sourcecode.swift; path = CharacterResult.swift; sourceTree = "<group>"; };
		252177BD2A9C7D1D00B433D2 /* Network.swift */ = {isa = PBXFileReference; lastKnownFileType = sourcecode.swift; path = Network.swift; sourceTree = "<group>"; };
		252177BF2A9CA18000B433D2 /* Service.swift */ = {isa = PBXFileReference; lastKnownFileType = sourcecode.swift; path = Service.swift; sourceTree = "<group>"; };
		252177C12A9CC71E00B433D2 /* NetworkInfo.plist */ = {isa = PBXFileReference; lastKnownFileType = text.plist.xml; path = NetworkInfo.plist; sourceTree = "<group>"; };
		252177C42A9CC81E00B433D2 /* Extension+Bundle.swift */ = {isa = PBXFileReference; lastKnownFileType = sourcecode.swift; path = "Extension+Bundle.swift"; sourceTree = "<group>"; };
		B0EA2D8D3D3412D1AF92092A /* Pods-Marvel.debug.xcconfig */ = {isa = PBXFileReference; includeInIndex = 1; lastKnownFileType = text.xcconfig; name = "Pods-Marvel.debug.xcconfig"; path = "Target Support Files/Pods-Marvel/Pods-Marvel.debug.xcconfig"; sourceTree = "<group>"; };
		D6D801F8F9D8B31BA85EE416 /* Pods_Marvel.framework */ = {isa = PBXFileReference; explicitFileType = wrapper.framework; includeInIndex = 0; path = Pods_Marvel.framework; sourceTree = BUILT_PRODUCTS_DIR; };
		FD722DFFB6E99990FA52266F /* Pods-Marvel.release.xcconfig */ = {isa = PBXFileReference; includeInIndex = 1; lastKnownFileType = text.xcconfig; name = "Pods-Marvel.release.xcconfig"; path = "Target Support Files/Pods-Marvel/Pods-Marvel.release.xcconfig"; sourceTree = "<group>"; };
/* End PBXFileReference section */

/* Begin PBXFrameworksBuildPhase section */
		2521779D2A9A17B200B433D2 /* Frameworks */ = {
			isa = PBXFrameworksBuildPhase;
			buildActionMask = 2147483647;
			files = (
				22F22CE973424C58660E3AEC /* Pods_Marvel.framework in Frameworks */,
			);
			runOnlyForDeploymentPostprocessing = 0;
		};
/* End PBXFrameworksBuildPhase section */

/* Begin PBXGroup section */
		252177972A9A17B200B433D2 = {
			isa = PBXGroup;
			children = (
				252177A22A9A17B200B433D2 /* Marvel */,
				252177A12A9A17B200B433D2 /* Products */,
				AFFBCA22DD5AA25D61300B4A /* Pods */,
				A4FDE4D7B2E480069642C4D9 /* Frameworks */,
			);
			sourceTree = "<group>";
		};
		252177A12A9A17B200B433D2 /* Products */ = {
			isa = PBXGroup;
			children = (
				252177A02A9A17B200B433D2 /* Marvel.app */,
			);
			name = Products;
			sourceTree = "<group>";
		};
		252177A22A9A17B200B433D2 /* Marvel */ = {
			isa = PBXGroup;
			children = (
				252177C32A9CC7E900B433D2 /* Extension */,
				252177BC2A9C7D0D00B433D2 /* Network */,
				252177B72A9C780900B433D2 /* Model */,
				252177A32A9A17B200B433D2 /* AppDelegate.swift */,
				252177A52A9A17B200B433D2 /* SceneDelegate.swift */,
				252177A72A9A17B200B433D2 /* ViewController.swift */,
				252177A92A9A17B200B433D2 /* Main.storyboard */,
				252177AC2A9A17B500B433D2 /* Assets.xcassets */,
				252177AE2A9A17B500B433D2 /* LaunchScreen.storyboard */,
				252177B12A9A17B500B433D2 /* Info.plist */,
				252177C12A9CC71E00B433D2 /* NetworkInfo.plist */,
			);
			path = Marvel;
			sourceTree = "<group>";
		};
		252177B72A9C780900B433D2 /* Model */ = {
			isa = PBXGroup;
			children = (
				252177B82A9C783200B433D2 /* Character.swift */,
				252177BA2A9C7A1F00B433D2 /* CharacterResult.swift */,
			);
			path = Model;
			sourceTree = "<group>";
		};
		252177BC2A9C7D0D00B433D2 /* Network */ = {
			isa = PBXGroup;
			children = (
				252177BD2A9C7D1D00B433D2 /* Network.swift */,
				252177BF2A9CA18000B433D2 /* Service.swift */,
			);
			path = Network;
			sourceTree = "<group>";
		};
		252177C32A9CC7E900B433D2 /* Extension */ = {
			isa = PBXGroup;
			children = (
				252177C42A9CC81E00B433D2 /* Extension+Bundle.swift */,
			);
			path = Extension;
			sourceTree = "<group>";
		};
		A4FDE4D7B2E480069642C4D9 /* Frameworks */ = {
			isa = PBXGroup;
			children = (
				D6D801F8F9D8B31BA85EE416 /* Pods_Marvel.framework */,
			);
			name = Frameworks;
			sourceTree = "<group>";
		};
		AFFBCA22DD5AA25D61300B4A /* Pods */ = {
			isa = PBXGroup;
			children = (
				B0EA2D8D3D3412D1AF92092A /* Pods-Marvel.debug.xcconfig */,
				FD722DFFB6E99990FA52266F /* Pods-Marvel.release.xcconfig */,
			);
			path = Pods;
			sourceTree = "<group>";
		};
/* End PBXGroup section */

/* Begin PBXNativeTarget section */
		2521779F2A9A17B200B433D2 /* Marvel */ = {
			isa = PBXNativeTarget;
			buildConfigurationList = 252177B42A9A17B500B433D2 /* Build configuration list for PBXNativeTarget "Marvel" */;
			buildPhases = (
				439ECAAE94B15F2BC8BA3E03 /* [CP] Check Pods Manifest.lock */,
				2521779C2A9A17B200B433D2 /* Sources */,
				2521779D2A9A17B200B433D2 /* Frameworks */,
				2521779E2A9A17B200B433D2 /* Resources */,
				53A8422C47246E4C5D99C358 /* [CP] Embed Pods Frameworks */,
			);
			buildRules = (
			);
			dependencies = (
			);
			name = Marvel;
			productName = Marvel;
			productReference = 252177A02A9A17B200B433D2 /* Marvel.app */;
			productType = "com.apple.product-type.application";
		};
/* End PBXNativeTarget section */

/* Begin PBXProject section */
		252177982A9A17B200B433D2 /* Project object */ = {
			isa = PBXProject;
			attributes = {
				BuildIndependentTargetsInParallel = 1;
				LastSwiftUpdateCheck = 1420;
				LastUpgradeCheck = 1420;
				TargetAttributes = {
					2521779F2A9A17B200B433D2 = {
						CreatedOnToolsVersion = 14.2;
					};
				};
			};
			buildConfigurationList = 2521779B2A9A17B200B433D2 /* Build configuration list for PBXProject "Marvel" */;
			compatibilityVersion = "Xcode 14.0";
			developmentRegion = en;
			hasScannedForEncodings = 0;
			knownRegions = (
				en,
				Base,
			);
			mainGroup = 252177972A9A17B200B433D2;
			productRefGroup = 252177A12A9A17B200B433D2 /* Products */;
			projectDirPath = "";
			projectRoot = "";
			targets = (
				2521779F2A9A17B200B433D2 /* Marvel */,
			);
		};
/* End PBXProject section */

/* Begin PBXResourcesBuildPhase section */
		2521779E2A9A17B200B433D2 /* Resources */ = {
			isa = PBXResourcesBuildPhase;
			buildActionMask = 2147483647;
			files = (
				252177B02A9A17B500B433D2 /* LaunchScreen.storyboard in Resources */,
				252177C22A9CC71E00B433D2 /* NetworkInfo.plist in Resources */,
				252177AD2A9A17B500B433D2 /* Assets.xcassets in Resources */,
				252177AB2A9A17B200B433D2 /* Main.storyboard in Resources */,
			);
			runOnlyForDeploymentPostprocessing = 0;
		};
/* End PBXResourcesBuildPhase section */

/* Begin PBXShellScriptBuildPhase section */
		439ECAAE94B15F2BC8BA3E03 /* [CP] Check Pods Manifest.lock */ = {
			isa = PBXShellScriptBuildPhase;
			buildActionMask = 2147483647;
			files = (
			);
			inputFileListPaths = (
			);
			inputPaths = (
				"${PODS_PODFILE_DIR_PATH}/Podfile.lock",
				"${PODS_ROOT}/Manifest.lock",
			);
			name = "[CP] Check Pods Manifest.lock";
			outputFileListPaths = (
			);
			outputPaths = (
				"$(DERIVED_FILE_DIR)/Pods-Marvel-checkManifestLockResult.txt",
			);
			runOnlyForDeploymentPostprocessing = 0;
			shellPath = /bin/sh;
			shellScript = "diff \"${PODS_PODFILE_DIR_PATH}/Podfile.lock\" \"${PODS_ROOT}/Manifest.lock\" > /dev/null\nif [ $? != 0 ] ; then\n    # print error to STDERR\n    echo \"error: The sandbox is not in sync with the Podfile.lock. Run 'pod install' or update your CocoaPods installation.\" >&2\n    exit 1\nfi\n# This output is used by Xcode 'outputs' to avoid re-running this script phase.\necho \"SUCCESS\" > \"${SCRIPT_OUTPUT_FILE_0}\"\n";
			showEnvVarsInLog = 0;
		};
		53A8422C47246E4C5D99C358 /* [CP] Embed Pods Frameworks */ = {
			isa = PBXShellScriptBuildPhase;
			buildActionMask = 2147483647;
			files = (
			);
			inputFileListPaths = (
				"${PODS_ROOT}/Target Support Files/Pods-Marvel/Pods-Marvel-frameworks-${CONFIGURATION}-input-files.xcfilelist",
			);
			name = "[CP] Embed Pods Frameworks";
			outputFileListPaths = (
				"${PODS_ROOT}/Target Support Files/Pods-Marvel/Pods-Marvel-frameworks-${CONFIGURATION}-output-files.xcfilelist",
			);
			runOnlyForDeploymentPostprocessing = 0;
			shellPath = /bin/sh;
			shellScript = "\"${PODS_ROOT}/Target Support Files/Pods-Marvel/Pods-Marvel-frameworks.sh\"\n";
			showEnvVarsInLog = 0;
		};
/* End PBXShellScriptBuildPhase section */

/* Begin PBXSourcesBuildPhase section */
		2521779C2A9A17B200B433D2 /* Sources */ = {
			isa = PBXSourcesBuildPhase;
			buildActionMask = 2147483647;
			files = (
				252177A82A9A17B200B433D2 /* ViewController.swift in Sources */,
				252177BB2A9C7A1F00B433D2 /* CharacterResult.swift in Sources */,
				252177BE2A9C7D1D00B433D2 /* Network.swift in Sources */,
				252177C52A9CC81E00B433D2 /* Extension+Bundle.swift in Sources */,
				252177A42A9A17B200B433D2 /* AppDelegate.swift in Sources */,
				252177C02A9CA18000B433D2 /* Service.swift in Sources */,
				252177A62A9A17B200B433D2 /* SceneDelegate.swift in Sources */,
				252177B92A9C783200B433D2 /* Character.swift in Sources */,
			);
			runOnlyForDeploymentPostprocessing = 0;
		};
/* End PBXSourcesBuildPhase section */

/* Begin PBXVariantGroup section */
		252177A92A9A17B200B433D2 /* Main.storyboard */ = {
			isa = PBXVariantGroup;
			children = (
				252177AA2A9A17B200B433D2 /* Base */,
			);
			name = Main.storyboard;
			sourceTree = "<group>";
		};
		252177AE2A9A17B500B433D2 /* LaunchScreen.storyboard */ = {
			isa = PBXVariantGroup;
			children = (
				252177AF2A9A17B500B433D2 /* Base */,
			);
			name = LaunchScreen.storyboard;
			sourceTree = "<group>";
		};
/* End PBXVariantGroup section */

/* Begin XCBuildConfiguration section */
		252177B22A9A17B500B433D2 /* Debug */ = {
			isa = XCBuildConfiguration;
			buildSettings = {
				ALWAYS_SEARCH_USER_PATHS = NO;
				CLANG_ANALYZER_NONNULL = YES;
				CLANG_ANALYZER_NUMBER_OBJECT_CONVERSION = YES_AGGRESSIVE;
				CLANG_CXX_LANGUAGE_STANDARD = "gnu++20";
				CLANG_ENABLE_MODULES = YES;
				CLANG_ENABLE_OBJC_ARC = YES;
				CLANG_ENABLE_OBJC_WEAK = YES;
				CLANG_WARN_BLOCK_CAPTURE_AUTORELEASING = YES;
				CLANG_WARN_BOOL_CONVERSION = YES;
				CLANG_WARN_COMMA = YES;
				CLANG_WARN_CONSTANT_CONVERSION = YES;
				CLANG_WARN_DEPRECATED_OBJC_IMPLEMENTATIONS = YES;
				CLANG_WARN_DIRECT_OBJC_ISA_USAGE = YES_ERROR;
				CLANG_WARN_DOCUMENTATION_COMMENTS = YES;
				CLANG_WARN_EMPTY_BODY = YES;
				CLANG_WARN_ENUM_CONVERSION = YES;
				CLANG_WARN_INFINITE_RECURSION = YES;
				CLANG_WARN_INT_CONVERSION = YES;
				CLANG_WARN_NON_LITERAL_NULL_CONVERSION = YES;
				CLANG_WARN_OBJC_IMPLICIT_RETAIN_SELF = YES;
				CLANG_WARN_OBJC_LITERAL_CONVERSION = YES;
				CLANG_WARN_OBJC_ROOT_CLASS = YES_ERROR;
				CLANG_WARN_QUOTED_INCLUDE_IN_FRAMEWORK_HEADER = YES;
				CLANG_WARN_RANGE_LOOP_ANALYSIS = YES;
				CLANG_WARN_STRICT_PROTOTYPES = YES;
				CLANG_WARN_SUSPICIOUS_MOVE = YES;
				CLANG_WARN_UNGUARDED_AVAILABILITY = YES_AGGRESSIVE;
				CLANG_WARN_UNREACHABLE_CODE = YES;
				CLANG_WARN__DUPLICATE_METHOD_MATCH = YES;
				COPY_PHASE_STRIP = NO;
				DEBUG_INFORMATION_FORMAT = dwarf;
				ENABLE_STRICT_OBJC_MSGSEND = YES;
				ENABLE_TESTABILITY = YES;
				GCC_C_LANGUAGE_STANDARD = gnu11;
				GCC_DYNAMIC_NO_PIC = NO;
				GCC_NO_COMMON_BLOCKS = YES;
				GCC_OPTIMIZATION_LEVEL = 0;
				GCC_PREPROCESSOR_DEFINITIONS = (
					"DEBUG=1",
					"$(inherited)",
				);
				GCC_WARN_64_TO_32_BIT_CONVERSION = YES;
				GCC_WARN_ABOUT_RETURN_TYPE = YES_ERROR;
				GCC_WARN_UNDECLARED_SELECTOR = YES;
				GCC_WARN_UNINITIALIZED_AUTOS = YES_AGGRESSIVE;
				GCC_WARN_UNUSED_FUNCTION = YES;
				GCC_WARN_UNUSED_VARIABLE = YES;
				IPHONEOS_DEPLOYMENT_TARGET = 16.2;
				MTL_ENABLE_DEBUG_INFO = INCLUDE_SOURCE;
				MTL_FAST_MATH = YES;
				ONLY_ACTIVE_ARCH = YES;
				SDKROOT = iphoneos;
				SWIFT_ACTIVE_COMPILATION_CONDITIONS = DEBUG;
				SWIFT_OPTIMIZATION_LEVEL = "-Onone";
			};
			name = Debug;
		};
		252177B32A9A17B500B433D2 /* Release */ = {
			isa = XCBuildConfiguration;
			buildSettings = {
				ALWAYS_SEARCH_USER_PATHS = NO;
				CLANG_ANALYZER_NONNULL = YES;
				CLANG_ANALYZER_NUMBER_OBJECT_CONVERSION = YES_AGGRESSIVE;
				CLANG_CXX_LANGUAGE_STANDARD = "gnu++20";
				CLANG_ENABLE_MODULES = YES;
				CLANG_ENABLE_OBJC_ARC = YES;
				CLANG_ENABLE_OBJC_WEAK = YES;
				CLANG_WARN_BLOCK_CAPTURE_AUTORELEASING = YES;
				CLANG_WARN_BOOL_CONVERSION = YES;
				CLANG_WARN_COMMA = YES;
				CLANG_WARN_CONSTANT_CONVERSION = YES;
				CLANG_WARN_DEPRECATED_OBJC_IMPLEMENTATIONS = YES;
				CLANG_WARN_DIRECT_OBJC_ISA_USAGE = YES_ERROR;
				CLANG_WARN_DOCUMENTATION_COMMENTS = YES;
				CLANG_WARN_EMPTY_BODY = YES;
				CLANG_WARN_ENUM_CONVERSION = YES;
				CLANG_WARN_INFINITE_RECURSION = YES;
				CLANG_WARN_INT_CONVERSION = YES;
				CLANG_WARN_NON_LITERAL_NULL_CONVERSION = YES;
				CLANG_WARN_OBJC_IMPLICIT_RETAIN_SELF = YES;
				CLANG_WARN_OBJC_LITERAL_CONVERSION = YES;
				CLANG_WARN_OBJC_ROOT_CLASS = YES_ERROR;
				CLANG_WARN_QUOTED_INCLUDE_IN_FRAMEWORK_HEADER = YES;
				CLANG_WARN_RANGE_LOOP_ANALYSIS = YES;
				CLANG_WARN_STRICT_PROTOTYPES = YES;
				CLANG_WARN_SUSPICIOUS_MOVE = YES;
				CLANG_WARN_UNGUARDED_AVAILABILITY = YES_AGGRESSIVE;
				CLANG_WARN_UNREACHABLE_CODE = YES;
				CLANG_WARN__DUPLICATE_METHOD_MATCH = YES;
				COPY_PHASE_STRIP = NO;
				DEBUG_INFORMATION_FORMAT = "dwarf-with-dsym";
				ENABLE_NS_ASSERTIONS = NO;
				ENABLE_STRICT_OBJC_MSGSEND = YES;
				GCC_C_LANGUAGE_STANDARD = gnu11;
				GCC_NO_COMMON_BLOCKS = YES;
				GCC_WARN_64_TO_32_BIT_CONVERSION = YES;
				GCC_WARN_ABOUT_RETURN_TYPE = YES_ERROR;
				GCC_WARN_UNDECLARED_SELECTOR = YES;
				GCC_WARN_UNINITIALIZED_AUTOS = YES_AGGRESSIVE;
				GCC_WARN_UNUSED_FUNCTION = YES;
				GCC_WARN_UNUSED_VARIABLE = YES;
				IPHONEOS_DEPLOYMENT_TARGET = 16.2;
				MTL_ENABLE_DEBUG_INFO = NO;
				MTL_FAST_MATH = YES;
				SDKROOT = iphoneos;
				SWIFT_COMPILATION_MODE = wholemodule;
				SWIFT_OPTIMIZATION_LEVEL = "-O";
				VALIDATE_PRODUCT = YES;
			};
			name = Release;
		};
		252177B52A9A17B500B433D2 /* Debug */ = {
			isa = XCBuildConfiguration;
			baseConfigurationReference = B0EA2D8D3D3412D1AF92092A /* Pods-Marvel.debug.xcconfig */;
			buildSettings = {
				ASSETCATALOG_COMPILER_APPICON_NAME = AppIcon;
				ASSETCATALOG_COMPILER_GLOBAL_ACCENT_COLOR_NAME = AccentColor;
				CODE_SIGN_STYLE = Automatic;
				CURRENT_PROJECT_VERSION = 1;
				DEVELOPMENT_TEAM = GQF9DRKKG2;
				GENERATE_INFOPLIST_FILE = YES;
				INFOPLIST_FILE = Marvel/Info.plist;
				INFOPLIST_KEY_UIApplicationSupportsIndirectInputEvents = YES;
				INFOPLIST_KEY_UILaunchStoryboardName = LaunchScreen;
				INFOPLIST_KEY_UIMainStoryboardFile = Main;
				INFOPLIST_KEY_UISupportedInterfaceOrientations = UIInterfaceOrientationPortrait;
				INFOPLIST_KEY_UISupportedInterfaceOrientations_iPad = "UIInterfaceOrientationLandscapeLeft UIInterfaceOrientationLandscapeRight UIInterfaceOrientationPortrait UIInterfaceOrientationPortraitUpsideDown";
				LD_RUNPATH_SEARCH_PATHS = (
					"$(inherited)",
					"@executable_path/Frameworks",
				);
				MARKETING_VERSION = 1.0;
				PRODUCT_BUNDLE_IDENTIFIER = jina.Marvel;
				PRODUCT_NAME = "$(TARGET_NAME)";
				SUPPORTED_PLATFORMS = "iphoneos iphonesimulator";
				SUPPORTS_MACCATALYST = NO;
				SUPPORTS_MAC_DESIGNED_FOR_IPHONE_IPAD = NO;
				SWIFT_EMIT_LOC_STRINGS = YES;
				SWIFT_VERSION = 5.0;
				TARGETED_DEVICE_FAMILY = 1;
			};
			name = Debug;
		};
		252177B62A9A17B500B433D2 /* Release */ = {
			isa = XCBuildConfiguration;
			baseConfigurationReference = FD722DFFB6E99990FA52266F /* Pods-Marvel.release.xcconfig */;
			buildSettings = {
				ASSETCATALOG_COMPILER_APPICON_NAME = AppIcon;
				ASSETCATALOG_COMPILER_GLOBAL_ACCENT_COLOR_NAME = AccentColor;
				CODE_SIGN_STYLE = Automatic;
				CURRENT_PROJECT_VERSION = 1;
				DEVELOPMENT_TEAM = GQF9DRKKG2;
				GENERATE_INFOPLIST_FILE = YES;
				INFOPLIST_FILE = Marvel/Info.plist;
				INFOPLIST_KEY_UIApplicationSupportsIndirectInputEvents = YES;
				INFOPLIST_KEY_UILaunchStoryboardName = LaunchScreen;
				INFOPLIST_KEY_UIMainStoryboardFile = Main;
				INFOPLIST_KEY_UISupportedInterfaceOrientations = UIInterfaceOrientationPortrait;
				INFOPLIST_KEY_UISupportedInterfaceOrientations_iPad = "UIInterfaceOrientationLandscapeLeft UIInterfaceOrientationLandscapeRight UIInterfaceOrientationPortrait UIInterfaceOrientationPortraitUpsideDown";
				LD_RUNPATH_SEARCH_PATHS = (
					"$(inherited)",
					"@executable_path/Frameworks",
				);
				MARKETING_VERSION = 1.0;
				PRODUCT_BUNDLE_IDENTIFIER = jina.Marvel;
				PRODUCT_NAME = "$(TARGET_NAME)";
				SUPPORTED_PLATFORMS = "iphoneos iphonesimulator";
				SUPPORTS_MACCATALYST = NO;
				SUPPORTS_MAC_DESIGNED_FOR_IPHONE_IPAD = NO;
				SWIFT_EMIT_LOC_STRINGS = YES;
				SWIFT_VERSION = 5.0;
				TARGETED_DEVICE_FAMILY = 1;
			};
			name = Release;
		};
/* End XCBuildConfiguration section */

/* Begin XCConfigurationList section */
		2521779B2A9A17B200B433D2 /* Build configuration list for PBXProject "Marvel" */ = {
			isa = XCConfigurationList;
			buildConfigurations = (
				252177B22A9A17B500B433D2 /* Debug */,
				252177B32A9A17B500B433D2 /* Release */,
			);
			defaultConfigurationIsVisible = 0;
			defaultConfigurationName = Release;
		};
		252177B42A9A17B500B433D2 /* Build configuration list for PBXNativeTarget "Marvel" */ = {
			isa = XCConfigurationList;
			buildConfigurations = (
				252177B52A9A17B500B433D2 /* Debug */,
				252177B62A9A17B500B433D2 /* Release */,
			);
			defaultConfigurationIsVisible = 0;
			defaultConfigurationName = Release;
		};
/* End XCConfigurationList section */
	};
	rootObject = 252177982A9A17B200B433D2 /* Project object */;
}
